// !$*UTF8*$!
{
	archiveVersion = 1;
	classes = {
	};
	objectVersion = 77;
	objects = {

/* Begin PBXBuildFile section */
		2D17E8F9304DCD310044BCE4 /* Kingfisher in Frameworks */ = {isa = PBXBuildFile; productRef = 2D17E8F8304DCD310044BCE4 /* Kingfisher */; };
		2D596D5830507312007E92A5 /* SnapKit in Frameworks */ = {isa = PBXBuildFile; productRef = 2D596D5730507312007E92A5 /* SnapKit */; };
/* End PBXBuildFile section */

/* Begin PBXContainerItemProxy section */
		2D17E8BC304DCAAA0044BCE4 /* PBXContainerItemProxy */ = {
			isa = PBXContainerItemProxy;
			containerPortal = 2D17E89D304DCAA50044BCE4 /* Project object */;
			proxyType = 1;
			remoteGlobalIDString = 2D17E8A4304DCAA50044BCE4;
			remoteInfo = AutoStore;
		};
		2D17E8C6304DCAAA0044BCE4 /* PBXContainerItemProxy */ = {
			isa = PBXContainerItemProxy;
			containerPortal = 2D17E89D304DCAA50044BCE4 /* Project object */;
			proxyType = 1;
			remoteGlobalIDString = 2D17E8A4304DCAA50044BCE4;
			remoteInfo = AutoStore;
		};
/* End PBXContainerItemProxy section */

/* Begin PBXFileReference section */
		2D17E8A5304DCAA50044BCE4 /* AutoStore.app */ = {isa = PBXFileReference; explicitFileType = wrapper.application; includeInIndex = 0; path = AutoStore.app; sourceTree = BUILT_PRODUCTS_DIR; };
		2D17E8BB304DCAAA0044BCE4 /* AutoStoreTests.xctest */ = {isa = PBXFileReference; explicitFileType = wrapper.cfbundle; includeInIndex = 0; path = AutoStoreTests.xctest; sourceTree = BUILT_PRODUCTS_DIR; };
		2D17E8C5304DCAAA0044BCE4 /* AutoStoreUITests.xctest */ = {isa = PBXFileReference; explicitFileType = wrapper.cfbundle; includeInIndex = 0; path = AutoStoreUITests.xctest; sourceTree = BUILT_PRODUCTS_DIR; };
/* End PBXFileReference section */

/* Begin PBXFileSystemSynchronizedBuildFileExceptionSet section */
		2D17E8CD304DCAAA0044BCE4 /* Exceptions for "AutoStore" folder in "AutoStore" target */ = {
			isa = PBXFileSystemSynchronizedBuildFileExceptionSet;
			membershipExceptions = (
				Info.plist,
			);
			target = 2D17E8A4304DCAA50044BCE4 /* AutoStore */;
		};
/* End PBXFileSystemSynchronizedBuildFileExceptionSet section */

/* Begin PBXFileSystemSynchronizedRootGroup section */
		2D17E8A7304DCAA50044BCE4 /* AutoStore */ = {
			isa = PBXFileSystemSynchronizedRootGroup;
			exceptions = (
				2D17E8CD304DCAAA0044BCE4 /* Exceptions for "AutoStore" folder in "AutoStore" target */,
			);
			path = AutoStore;
			sourceTree = "<group>";
		};
		2D17E8BE304DCAAA0044BCE4 /* AutoStoreTests */ = {
			isa = PBXFileSystemSynchronizedRootGroup;
			path = AutoStoreTests;
			sourceTree = "<group>";
		};
		2D17E8C8304DCAAA0044BCE4 /* AutoStoreUITests */ = {
			isa = PBXFileSystemSynchronizedRootGroup;
			path = AutoStoreUITests;
			sourceTree = "<group>";
		};
/* End PBXFileSystemSynchronizedRootGroup section */

/* Begin PBXFrameworksBuildPhase section */
		2D17E8A2304DCAA50044BCE4 /* Frameworks */ = {
			isa = PBXFrameworksBuildPhase;
			buildActionMask = 2147483647;
			files = (
				2D17E8F9304DCD310044BCE4 /* Kingfisher in Frameworks */,
				2D596D5830507312007E92A5 /* SnapKit in Frameworks */,
			);
			runOnlyForDeploymentPostprocessing = 0;
		};
		2D17E8B8304DCAAA0044BCE4 /* Frameworks */ = {
			isa = PBXFrameworksBuildPhase;
			buildActionMask = 2147483647;
			files = (
			);
			runOnlyForDeploymentPostprocessing = 0;
		};
		2D17E8C2304DCAAA0044BCE4 /* Frameworks */ = {
			isa = PBXFrameworksBuildPhase;
			buildActionMask = 2147483647;
			files = (
			);
			runOnlyForDeploymentPostprocessing = 0;
		};
/* End PBXFrameworksBuildPhase section */

/* Begin PBXGroup section */
		2D17E89C304DCAA50044BCE4 = {
			isa = PBXGroup;
			children = (
				2D17E8A7304DCAA50044BCE4 /* AutoStore */,
				2D17E8BE304DCAAA0044BCE4 /* AutoStoreTests */,
				2D17E8C8304DCAAA0044BCE4 /* AutoStoreUITests */,
				2D17E8A6304DCAA50044BCE4 /* Products */,
			);
			sourceTree = "<group>";
		};
		2D17E8A6304DCAA50044BCE4 /* Products */ = {
			isa = PBXGroup;
			children = (
				2D17E8A5304DCAA50044BCE4 /* AutoStore.app */,
				2D17E8BB304DCAAA0044BCE4 /* AutoStoreTests.xctest */,
				2D17E8C5304DCAAA0044BCE4 /* AutoStoreUITests.xctest */,
			);
			name = Products;
			sourceTree = "<group>";
		};
/* End PBXGroup section */

/* Begin PBXNativeTarget section */
		2D17E8A4304DCAA50044BCE4 /* AutoStore */ = {
			isa = PBXNativeTarget;
			buildConfigurationList = 2D17E8CE304DCAAA0044BCE4 /* Build configuration list for PBXNativeTarget "AutoStore" */;
			buildPhases = (
				2D17E8A1304DCAA50044BCE4 /* Sources */,
				2D17E8A2304DCAA50044BCE4 /* Frameworks */,
				2D17E8A3304DCAA50044BCE4 /* Resources */,
			);
			buildRules = (
			);
			dependencies = (
			);
			fileSystemSynchronizedGroups = (
				2D17E8A7304DCAA50044BCE4 /* AutoStore */,
			);
			name = AutoStore;
			packageProductDependencies = (
				2D17E8F8304DCD310044BCE4 /* Kingfisher */,
				2D596D5730507312007E92A5 /* SnapKit */,
			);
			productName = AutoStore;
			productReference = 2D17E8A5304DCAA50044BCE4 /* AutoStore.app */;
			productType = "com.apple.product-type.application";
		};
		2D17E8BA304DCAAA0044BCE4 /* AutoStoreTests */ = {
			isa = PBXNativeTarget;
			buildConfigurationList = 2D17E8D3304DCAAA0044BCE4 /* Build configuration list for PBXNativeTarget "AutoStoreTests" */;
			buildPhases = (
				2D17E8B7304DCAAA0044BCE4 /* Sources */,
				2D17E8B8304DCAAA0044BCE4 /* Frameworks */,
				2D17E8B9304DCAAA0044BCE4 /* Resources */,
			);
			buildRules = (
			);
			dependencies = (
				2D17E8BD304DCAAA0044BCE4 /* PBXTargetDependency */,
			);
			fileSystemSynchronizedGroups = (
				2D17E8BE304DCAAA0044BCE4 /* AutoStoreTests */,
			);
			name = AutoStoreTests;
			packageProductDependencies = (
			);
			productName = AutoStoreTests;
			productReference = 2D17E8BB304DCAAA0044BCE4 /* AutoStoreTests.xctest */;
			productType = "com.apple.product-type.bundle.unit-test";
		};
		2D17E8C4304DCAAA0044BCE4 /* AutoStoreUITests */ = {
			isa = PBXNativeTarget;
			buildConfigurationList = 2D17E8D6304DCAAA0044BCE4 /* Build configuration list for PBXNativeTarget "AutoStoreUITests" */;
			buildPhases = (
				2D17E8C1304DCAAA0044BCE4 /* Sources */,
				2D17E8C2304DCAAA0044BCE4 /* Frameworks */,
				2D17E8C3304DCAAA0044BCE4 /* Resources */,
			);
			buildRules = (
			);
			dependencies = (
				2D17E8C7304DCAAA0044BCE4 /* PBXTargetDependency */,
			);
			fileSystemSynchronizedGroups = (
				2D17E8C8304DCAAA0044BCE4 /* AutoStoreUITests */,
			);
			name = AutoStoreUITests;
			packageProductDependencies = (
			);
			productName = AutoStoreUITests;
			productReference = 2D17E8C5304DCAAA0044BCE4 /* AutoStoreUITests.xctest */;
			productType = "com.apple.product-type.bundle.ui-testing";
		};
/* End PBXNativeTarget section */

/* Begin PBXProject section */
		2D17E89D304DCAA50044BCE4 /* Project object */ = {
			isa = PBXProject;
			attributes = {
				BuildIndependentTargetsInParallel = 1;
				LastSwiftUpdateCheck = 2610;
				LastUpgradeCheck = 2610;
				TargetAttributes = {
					2D17E8A4304DCAA50044BCE4 = {
						CreatedOnToolsVersion = 26.1.1;
					};
					2D17E8BA304DCAAA0044BCE4 = {
						CreatedOnToolsVersion = 26.1.1;
						TestTargetID = 2D17E8A4304DCAA50044BCE4;
					};
					2D17E8C4304DCAAA0044BCE4 = {
						CreatedOnToolsVersion = 26.1.1;
						TestTargetID = 2D17E8A4304DCAA50044BCE4;
					};
				};
			};
			buildConfigurationList = 2D17E8A0304DCAA50044BCE4 /* Build configuration list for PBXProject "AutoStore" */;
			developmentRegion = en;
			hasScannedForEncodings = 0;
			knownRegions = (
				en,
				Base,
			);
			mainGroup = 2D17E89C304DCAA50044BCE4;
			minimizedProjectReferenceProxies = 1;
			packageReferences = (
				2D17E8E4304DCC920044BCE4 /* XCRemoteSwiftPackageReference "Kingfisher" */,
				2D596D5630507312007E92A5 /* XCRemoteSwiftPackageReference "SnapKit" */,
			);
			preferredProjectObjectVersion = 77;
			productRefGroup = 2D17E8A6304DCAA50044BCE4 /* Products */;
			projectDirPath = "";
			projectRoot = "";
			targets = (
				2D17E8A4304DCAA50044BCE4 /* AutoStore */,
				2D17E8BA304DCAAA0044BCE4 /* AutoStoreTests */,
				2D17E8C4304DCAAA0044BCE4 /* AutoStoreUITests */,
			);
		};
/* End PBXProject section */

/* Begin PBXResourcesBuildPhase section */
		2D17E8A3304DCAA50044BCE4 /* Resources */ = {
			isa = PBXResourcesBuildPhase;
			buildActionMask = 2147483647;
			files = (
			);
			runOnlyForDeploymentPostprocessing = 0;
		};
		2D17E8B9304DCAAA0044BCE4 /* Resources */ = {
			isa = PBXResourcesBuildPhase;
			buildActionMask = 2147483647;
			files = (
			);
			runOnlyForDeploymentPostprocessing = 0;
		};
		2D17E8C3304DCAAA0044BCE4 /* Resources */ = {
			isa = PBXResourcesBuildPhase;
			buildActionMask = 2147483647;
			files = (
			);
			runOnlyForDeploymentPostprocessing = 0;
		};
/* End PBXResourcesBuildPhase section */

/* Begin PBXSourcesBuildPhase section */
		2D17E8A1304DCAA50044BCE4 /* Sources */ = {
			isa = PBXSourcesBuildPhase;
			buildActionMask = 2147483647;
			files = (
			);
			runOnlyForDeploymentPostprocessing = 0;
		};
		2D17E8B7304DCAAA0044BCE4 /* Sources */ = {
			isa = PBXSourcesBuildPhase;
			buildActionMask = 2147483647;
			files = (
			);
			runOnlyForDeploymentPostprocessing = 0;
		};
		2D17E8C1304DCAAA0044BCE4 /* Sources */ = {
			isa = PBXSourcesBuildPhase;
			buildActionMask = 2147483647;
			files = (
			);
			runOnlyForDeploymentPostprocessing = 0;
		};
/* End PBXSourcesBuildPhase section */

/* Begin PBXTargetDependency section */
		2D17E8BD304DCAAA0044BCE4 /* PBXTargetDependency */ = {
			isa = PBXTargetDependency;
			target = 2D17E8A4304DCAA50044BCE4 /* AutoStore */;
			targetProxy = 2D17E8BC304DCAAA0044BCE4 /* PBXContainerItemProxy */;
		};
		2D17E8C7304DCAAA0044BCE4 /* PBXTargetDependency */ = {
			isa = PBXTargetDependency;
			target = 2D17E8A4304DCAA50044BCE4 /* AutoStore */;
			targetProxy = 2D17E8C6304DCAAA0044BCE4 /* PBXContainerItemProxy */;
		};
/* End PBXTargetDependency section */

/* Begin XCBuildConfiguration section */
		2D17E8CF304DCAAA0044BCE4 /* Debug */ = {
			isa = XCBuildConfiguration;
			buildSettings = {
				ASSETCATALOG_COMPILER_APPICON_NAME = AppIcon;
				ASSETCATALOG_COMPILER_GLOBAL_ACCENT_COLOR_NAME = AccentColor;
				CODE_SIGN_STYLE = Automatic;
				CURRENT_PROJECT_VERSION = 1;
				GENERATE_INFOPLIST_FILE = YES;
				INFOPLIST_FILE = AutoStore/Info.plist;
				INFOPLIST_KEY_UIApplicationSupportsIndirectInputEvents = YES;
				INFOPLIST_KEY_UILaunchStoryboardName = LaunchScreen;
				INFOPLIST_KEY_UIMainStoryboardFile = "";
				INFOPLIST_KEY_UISupportedInterfaceOrientations_iPad = "UIInterfaceOrientationPortrait UIInterfaceOrientationPortraitUpsideDown UIInterfaceOrientationLandscapeLeft UIInterfaceOrientationLandscapeRight";
				INFOPLIST_KEY_UISupportedInterfaceOrientations_iPhone = "UIInterfaceOrientationPortrait UIInterfaceOrientationLandscapeLeft UIInterfaceOrientationLandscapeRight";
				LD_RUNPATH_SEARCH_PATHS = (
					"$(inherited)",
					"@executable_path/Frameworks",
				);
				MARKETING_VERSION = 1.0;
				PRODUCT_BUNDLE_IDENTIFIER = kz.kolesa.AutoStore;
				PRODUCT_NAME = "$(TARGET_NAME)";
				STRING_CATALOG_GENERATE_SYMBOLS = YES;
				SWIFT_APPROACHABLE_CONCURRENCY = YES;
				SWIFT_DEFAULT_ACTOR_ISOLATION = MainActor;
				SWIFT_EMIT_LOC_STRINGS = YES;
				SWIFT_UPCOMING_FEATURE_MEMBER_IMPORT_VISIBILITY = YES;
				SWIFT_VERSION = 5.0;
				TARGETED_DEVICE_FAMILY = "1,2";
			};
			name = Debug;
		};
		2D17E8D0304DCAAA0044BCE4 /* Release */ = {
			isa = XCBuildConfiguration;
			buildSettings = {
				ASSETCATALOG_COMPILER_APPICON_NAME = AppIcon;
				ASSETCATALOG_COMPILER_GLOBAL_ACCENT_COLOR_NAME = AccentColor;
				CODE_SIGN_STYLE = Automatic;
				CURRENT_PROJECT_VERSION = 1;
				GENERATE_INFOPLIST_FILE = YES;
				INFOPLIST_FILE = AutoStore/Info.plist;
				INFOPLIST_KEY_UIApplicationSupportsIndirectInputEvents = YES;
				INFOPLIST_KEY_UILaunchStoryboardName = LaunchScreen;
				INFOPLIST_KEY_UIMainStoryboardFile = "";
				INFOPLIST_KEY_UISupportedInterfaceOrientations_iPad = "UIInterfaceOrientationPortrait UIInterfaceOrientationPortraitUpsideDown UIInterfaceOrientationLandscapeLeft UIInterfaceOrientationLandscapeRight";
				INFOPLIST_KEY_UISupportedInterfaceOrientations_iPhone = "UIInterfaceOrientationPortrait UIInterfaceOrientationLandscapeLeft UIInterfaceOrientationLandscapeRight";
				LD_RUNPATH_SEARCH_PATHS = (
					"$(inherited)",
					"@executable_path/Frameworks",
				);
				MARKETING_VERSION = 1.0;
				PRODUCT_BUNDLE_IDENTIFIER = kz.kolesa.AutoStore;
				PRODUCT_NAME = "$(TARGET_NAME)";
				STRING_CATALOG_GENERATE_SYMBOLS = YES;
				SWIFT_APPROACHABLE_CONCURRENCY = YES;
				SWIFT_DEFAULT_ACTOR_ISOLATION = MainActor;
				SWIFT_EMIT_LOC_STRINGS = YES;
				SWIFT_UPCOMING_FEATURE_MEMBER_IMPORT_VISIBILITY = YES;
				SWIFT_VERSION = 5.0;
				TARGETED_DEVICE_FAMILY = "1,2";
			};
			name = Release;
		};
		2D17E8D1304DCAAA0044BCE4 /* Debug */ = {
			isa = XCBuildConfiguration;
			buildSettings = {
				ALWAYS_SEARCH_USER_PATHS = NO;
				ASSETCATALOG_COMPILER_GENERATE_SWIFT_ASSET_SYMBOL_EXTENSIONS = YES;
				CLANG_ANALYZER_NONNULL = YES;
				CLANG_ANALYZER_NUMBER_OBJECT_CONVERSION = YES_AGGRESSIVE;
				CLANG_CXX_LANGUAGE_STANDARD = "gnu++20";
				CLANG_ENABLE_MODULES = YES;
				CLANG_ENABLE_OBJC_ARC = YES;
				CLANG_ENABLE_OBJC_WEAK = YES;
				CLANG_WARN_BLOCK_CAPTURE_AUTORELEASING = YES;
				CLANG_WARN_BOOL_CONVERSION = YES;
				CLANG_WARN_COMMA = YES;
				CLANG_WARN_CONSTANT_CONVERSION = YES;
				CLANG_WARN_DEPRECATED_OBJC_IMPLEMENTATIONS = YES;
				CLANG_WARN_DIRECT_OBJC_ISA_USAGE = YES_ERROR;
				CLANG_WARN_DOCUMENTATION_COMMENTS = YES;
				CLANG_WARN_EMPTY_BODY = YES;
				CLANG_WARN_ENUM_CONVERSION = YES;
				CLANG_WARN_INFINITE_RECURSION = YES;
				CLANG_WARN_INT_CONVERSION = YES;
				CLANG_WARN_NON_LITERAL_NULL_CONVERSION = YES;
				CLANG_WARN_OBJC_IMPLICIT_RETAIN_SELF = YES;
				CLANG_WARN_OBJC_LITERAL_CONVERSION = YES;
				CLANG_WARN_OBJC_ROOT_CLASS = YES_ERROR;
				CLANG_WARN_QUOTED_INCLUDE_IN_FRAMEWORK_HEADER = YES;
				CLANG_WARN_RANGE_LOOP_ANALYSIS = YES;
				CLANG_WARN_STRICT_PROTOTYPES = YES;
				CLANG_WARN_SUSPICIOUS_MOVE = YES;
				CLANG_WARN_UNGUARDED_AVAILABILITY = YES_AGGRESSIVE;
				CLANG_WARN_UNREACHABLE_CODE = YES;
				CLANG_WARN__DUPLICATE_METHOD_MATCH = YES;
				COPY_PHASE_STRIP = NO;
				DEBUG_INFORMATION_FORMAT = dwarf;
				ENABLE_STRICT_OBJC_MSGSEND = YES;
				ENABLE_TESTABILITY = YES;
				ENABLE_USER_SCRIPT_SANDBOXING = YES;
				GCC_C_LANGUAGE_STANDARD = gnu17;
				GCC_DYNAMIC_NO_PIC = NO;
				GCC_NO_COMMON_BLOCKS = YES;
				GCC_OPTIMIZATION_LEVEL = 0;
				GCC_PREPROCESSOR_DEFINITIONS = (
					"DEBUG=1",
					"$(inherited)",
				);
				GCC_WARN_64_TO_32_BIT_CONVERSION = YES;
				GCC_WARN_ABOUT_RETURN_TYPE = YES_ERROR;
				GCC_WARN_UNDECLARED_SELECTOR = YES;
				GCC_WARN_UNINITIALIZED_AUTOS = YES_AGGRESSIVE;
				GCC_WARN_UNUSED_FUNCTION = YES;
				GCC_WARN_UNUSED_VARIABLE = YES;
				IPHONEOS_DEPLOYMENT_TARGET = 26.1;
				LOCALIZATION_PREFERS_STRING_CATALOGS = YES;
				MTL_ENABLE_DEBUG_INFO = INCLUDE_SOURCE;
				MTL_FAST_MATH = YES;
				ONLY_ACTIVE_ARCH = YES;
				SDKROOT = iphoneos;
				SWIFT_ACTIVE_COMPILATION_CONDITIONS = "DEBUG $(inherited)";
				SWIFT_OPTIMIZATION_LEVEL = "-Onone";
			};
			name = Debug;
		};
		2D17E8D2304DCAAA0044BCE4 /* Release */ = {
			isa = XCBuildConfiguration;
			buildSettings = {
				ALWAYS_SEARCH_USER_PATHS = NO;
				ASSETCATALOG_COMPILER_GENERATE_SWIFT_ASSET_SYMBOL_EXTENSIONS = YES;
				CLANG_ANALYZER_NONNULL = YES;
				CLANG_ANALYZER_NUMBER_OBJECT_CONVERSION = YES_AGGRESSIVE;
				CLANG_CXX_LANGUAGE_STANDARD = "gnu++20";
				CLANG_ENABLE_MODULES = YES;
				CLANG_ENABLE_OBJC_ARC = YES;
				CLANG_ENABLE_OBJC_WEAK = YES;
				CLANG_WARN_BLOCK_CAPTURE_AUTORELEASING = YES;
				CLANG_WARN_BOOL_CONVERSION = YES;
				CLANG_WARN_COMMA = YES;
				CLANG_WARN_CONSTANT_CONVERSION = YES;
				CLANG_WARN_DEPRECATED_OBJC_IMPLEMENTATIONS = YES;
				CLANG_WARN_DIRECT_OBJC_ISA_USAGE = YES_ERROR;
				CLANG_WARN_DOCUMENTATION_COMMENTS = YES;
				CLANG_WARN_EMPTY_BODY = YES;
				CLANG_WARN_ENUM_CONVERSION = YES;
				CLANG_WARN_INFINITE_RECURSION = YES;
				CLANG_WARN_INT_CONVERSION = YES;
				CLANG_WARN_NON_LITERAL_NULL_CONVERSION = YES;
				CLANG_WARN_OBJC_IMPLICIT_RETAIN_SELF = YES;
				CLANG_WARN_OBJC_LITERAL_CONVERSION = YES;
				CLANG_WARN_OBJC_ROOT_CLASS = YES_ERROR;
				CLANG_WARN_QUOTED_INCLUDE_IN_FRAMEWORK_HEADER = YES;
				CLANG_WARN_RANGE_LOOP_ANALYSIS = YES;
				CLANG_WARN_STRICT_PROTOTYPES = YES;
				CLANG_WARN_SUSPICIOUS_MOVE = YES;
				CLANG_WARN_UNGUARDED_AVAILABILITY = YES_AGGRESSIVE;
				CLANG_WARN_UNREACHABLE_CODE = YES;
				CLANG_WARN__DUPLICATE_METHOD_MATCH = YES;
				COPY_PHASE_STRIP = NO;
				DEBUG_INFORMATION_FORMAT = "dwarf-with-dsym";
				ENABLE_NS_ASSERTIONS = NO;
				ENABLE_STRICT_OBJC_MSGSEND = YES;
				ENABLE_USER_SCRIPT_SANDBOXING = YES;
				GCC_C_LANGUAGE_STANDARD = gnu17;
				GCC_NO_COMMON_BLOCKS = YES;
				GCC_WARN_64_TO_32_BIT_CONVERSION = YES;
				GCC_WARN_ABOUT_RETURN_TYPE = YES_ERROR;
				GCC_WARN_UNDECLARED_SELECTOR = YES;
				GCC_WARN_UNINITIALIZED_AUTOS = YES_AGGRESSIVE;
				GCC_WARN_UNUSED_FUNCTION = YES;
				GCC_WARN_UNUSED_VARIABLE = YES;
				IPHONEOS_DEPLOYMENT_TARGET = 26.1;
				LOCALIZATION_PREFERS_STRING_CATALOGS = YES;
				MTL_ENABLE_DEBUG_INFO = NO;
				MTL_FAST_MATH = YES;
				SDKROOT = iphoneos;
				SWIFT_COMPILATION_MODE = wholemodule;
				VALIDATE_PRODUCT = YES;
			};
			name = Release;
		};
		2D17E8D4304DCAAA0044BCE4 /* Debug */ = {
			isa = XCBuildConfiguration;
			buildSettings = {
				BUNDLE_LOADER = "$(TEST_HOST)";
				CODE_SIGN_STYLE = Automatic;
				CURRENT_PROJECT_VERSION = 1;
				GENERATE_INFOPLIST_FILE = YES;
				IPHONEOS_DEPLOYMENT_TARGET = 26.1;
				MARKETING_VERSION = 1.0;
				PRODUCT_BUNDLE_IDENTIFIER = kz.kolesa.AutoStoreTests;
				PRODUCT_NAME = "$(TARGET_NAME)";
				STRING_CATALOG_GENERATE_SYMBOLS = NO;
				SWIFT_APPROACHABLE_CONCURRENCY = YES;
				SWIFT_EMIT_LOC_STRINGS = NO;
				SWIFT_UPCOMING_FEATURE_MEMBER_IMPORT_VISIBILITY = YES;
				SWIFT_VERSION = 5.0;
				TARGETED_DEVICE_FAMILY = "1,2";
				TEST_HOST = "$(BUILT_PRODUCTS_DIR)/AutoStore.app/$(BUNDLE_EXECUTABLE_FOLDER_PATH)/AutoStore";
			};
			name = Debug;
		};
		2D17E8D5304DCAAA0044BCE4 /* Release */ = {
			isa = XCBuildConfiguration;
			buildSettings = {
				BUNDLE_LOADER = "$(TEST_HOST)";
				CODE_SIGN_STYLE = Automatic;
				CURRENT_PROJECT_VERSION = 1;
				GENERATE_INFOPLIST_FILE = YES;
				IPHONEOS_DEPLOYMENT_TARGET = 26.1;
				MARKETING_VERSION = 1.0;
				PRODUCT_BUNDLE_IDENTIFIER = kz.kolesa.AutoStoreTests;
				PRODUCT_NAME = "$(TARGET_NAME)";
				STRING_CATALOG_GENERATE_SYMBOLS = NO;
				SWIFT_APPROACHABLE_CONCURRENCY = YES;
				SWIFT_EMIT_LOC_STRINGS = NO;
				SWIFT_UPCOMING_FEATURE_MEMBER_IMPORT_VISIBILITY = YES;
				SWIFT_VERSION = 5.0;
				TARGETED_DEVICE_FAMILY = "1,2";
				TEST_HOST = "$(BUILT_PRODUCTS_DIR)/AutoStore.app/$(BUNDLE_EXECUTABLE_FOLDER_PATH)/AutoStore";
			};
			name = Release;
		};
		2D17E8D7304DCAAA0044BCE4 /* Debug */ = {
			isa = XCBuildConfiguration;
			buildSettings = {
				CODE_SIGN_STYLE = Automatic;
				CURRENT_PROJECT_VERSION = 1;
				GENERATE_INFOPLIST_FILE = YES;
				MARKETING_VERSION = 1.0;
				PRODUCT_BUNDLE_IDENTIFIER = kz.kolesa.AutoStoreUITests;
				PRODUCT_NAME = "$(TARGET_NAME)";
				STRING_CATALOG_GENERATE_SYMBOLS = NO;
				SWIFT_APPROACHABLE_CONCURRENCY = YES;
				SWIFT_EMIT_LOC_STRINGS = NO;
				SWIFT_UPCOMING_FEATURE_MEMBER_IMPORT_VISIBILITY = YES;
				SWIFT_VERSION = 5.0;
				TARGETED_DEVICE_FAMILY = "1,2";
				TEST_TARGET_NAME = AutoStore;
			};
			name = Debug;
		};
		2D17E8D8304DCAAA0044BCE4 /* Release */ = {
			isa = XCBuildConfiguration;
			buildSettings = {
				CODE_SIGN_STYLE = Automatic;
				CURRENT_PROJECT_VERSION = 1;
				GENERATE_INFOPLIST_FILE = YES;
				MARKETING_VERSION = 1.0;
				PRODUCT_BUNDLE_IDENTIFIER = kz.kolesa.AutoStoreUITests;
				PRODUCT_NAME = "$(TARGET_NAME)";
				STRING_CATALOG_GENERATE_SYMBOLS = NO;
				SWIFT_APPROACHABLE_CONCURRENCY = YES;
				SWIFT_EMIT_LOC_STRINGS = NO;
				SWIFT_UPCOMING_FEATURE_MEMBER_IMPORT_VISIBILITY = YES;
				SWIFT_VERSION = 5.0;
				TARGETED_DEVICE_FAMILY = "1,2";
				TEST_TARGET_NAME = AutoStore;
			};
			name = Release;
		};
/* End XCBuildConfiguration section */

/* Begin XCConfigurationList section */
		2D17E8A0304DCAA50044BCE4 /* Build configuration list for PBXProject "AutoStore" */ = {
			isa = XCConfigurationList;
			buildConfigurations = (
				2D17E8D1304DCAAA0044BCE4 /* Debug */,
				2D17E8D2304DCAAA0044BCE4 /* Release */,
			);
			defaultConfigurationIsVisible = 0;
			defaultConfigurationName = Release;
		};
		2D17E8CE304DCAAA0044BCE4 /* Build configuration list for PBXNativeTarget "AutoStore" */ = {
			isa = XCConfigurationList;
			buildConfigurations = (
				2D17E8CF304DCAAA0044BCE4 /* Debug */,
				2D17E8D0304DCAAA0044BCE4 /* Release */,
			);
			defaultConfigurationIsVisible = 0;
			defaultConfigurationName = Release;
		};
		2D17E8D3304DCAAA0044BCE4 /* Build configuration list for PBXNativeTarget "AutoStoreTests" */ = {
			isa = XCConfigurationList;
			buildConfigurations = (
				2D17E8D4304DCAAA0044BCE4 /* Debug */,
				2D17E8D5304DCAAA0044BCE4 /* Release */,
			);
			defaultConfigurationIsVisible = 0;
			defaultConfigurationName = Release;
		};
		2D17E8D6304DCAAA0044BCE4 /* Build configuration list for PBXNativeTarget "AutoStoreUITests" */ = {
			isa = XCConfigurationList;
			buildConfigurations = (
				2D17E8D7304DCAAA0044BCE4 /* Debug */,
				2D17E8D8304DCAAA0044BCE4 /* Release */,
			);
			defaultConfigurationIsVisible = 0;
			defaultConfigurationName = Release;
		};
/* End XCConfigurationList section */

/* Begin XCRemoteSwiftPackageReference section */
		2D17E8E4304DCC920044BCE4 /* XCRemoteSwiftPackageReference "Kingfisher" */ = {
			isa = XCRemoteSwiftPackageReference;
			repositoryURL = "https://github.com/onevcat/Kingfisher.git";
			requirement = {
				kind = upToNextMajorVersion;
				minimumVersion = 8.12.0;
			};
		};
		2D596D5630507312007E92A5 /* XCRemoteSwiftPackageReference "SnapKit" */ = {
			isa = XCRemoteSwiftPackageReference;
			repositoryURL = "https://github.com/SnapKit/SnapKit.git";
			requirement = {
				kind = upToNextMajorVersion;
				minimumVersion = 6.0.0;
			};
		};
/* End XCRemoteSwiftPackageReference section */

/* Begin XCSwiftPackageProductDependency section */
		2D17E8F8304DCD310044BCE4 /* Kingfisher */ = {
			isa = XCSwiftPackageProductDependency;
			package = 2D17E8E4304DCC920044BCE4 /* XCRemoteSwiftPackageReference "Kingfisher" */;
			productName = Kingfisher;
		};
		2D596D5730507312007E92A5 /* SnapKit */ = {
			isa = XCSwiftPackageProductDependency;
			package = 2D596D5630507312007E92A5 /* XCRemoteSwiftPackageReference "SnapKit" */;
			productName = SnapKit;
		};
/* End XCSwiftPackageProductDependency section */
	};
	rootObject = 2D17E89D304DCAA50044BCE4 /* Project object */;
}
